<?xml version="1.0" encoding="utf-8"?>
<Project ToolsVersion="4.0" xmlns="http://schemas.microsoft.com/developer/msbuild/2003">
  <ItemGroup>
    <Filter Include="Source Files">
      <UniqueIdentifier>{4FC737F1-C7A5-4376-A066-2A32D752A2FF}</UniqueIdentifier>
      <Extensions>cpp;c;cc;cxx;def;odl;idl;hpj;bat;asm;asmx</Extensions>
    </Filter>
    <Filter Include="Header Files">
      <UniqueIdentifier>{93995380-89BD-4b04-88EB-625FBE52EBFB}</UniqueIdentifier>
      <Extensions>h;hh;hpp;hxx;hm;inl;inc;ipp;xsd</Extensions>
    </Filter>
    <Filter Include="Resource Files">
      <UniqueIdentifier>{67DA6AB6-F800-4c08-8B7A-83BB121AAD01}</UniqueIdentifier>
      <Extensions>rc;ico;cur;bmp;dlg;rc2;rct;bin;rgs;gif;jpg;jpeg;jpe;resx;tiff;tif;png;wav;mfcribbon-ms</Extensions>
    </Filter>
    <Filter Include="Header Files\Enemy Movement">
      <UniqueIdentifier>{0f39bb9c-fe67-41b2-ba8b-b1d3c8623c92}</UniqueIdentifier>
    </Filter>
    <Filter Include="Source Files\Enemy Movement">
      <UniqueIdentifier>{4ccfecf8-1d5a-4b6b-9845-4a8ba95c35ea}</UniqueIdentifier>
    </Filter>
  </ItemGroup>
  <ItemGroup>
    <ClInclude Include="stdafx.h">
      <Filter>Header Files</Filter>
    </ClInclude>
    <ClInclude Include="targetver.h">
      <Filter>Header Files</Filter>
    </ClInclude>
    <ClInclude Include="Game.h">
      <Filter>Header Files</Filter>
    </ClInclude>
    <ClInclude Include="Spaceship.h">
      <Filter>Header Files</Filter>
    </ClInclude>
    <ClInclude Include="Enemies.h">
      <Filter>Header Files</Filter>
    </ClInclude>
    <ClInclude Include="Bullet.h">
      <Filter>Header Files</Filter>
    </ClInclude>
    <ClInclude Include="Vector2.h">
      <Filter>Header Files\Enemy Movement</Filter>
    </ClInclude>
    <ClInclude Include="SteeringBehaviour.h">
      <Filter>Header Files\Enemy Movement</Filter>
    </ClInclude>
    <ClInclude Include="MoveTarget.h">
      <Filter>Header Files\Enemy Movement</Filter>
    </ClInclude>
    <ClInclude Include="Transform.h">
      <Filter>Header Files\Enemy Movement</Filter>
    </ClInclude>
    <ClInclude Include="MoveBehaviour.h">
      <Filter>Header Files\Enemy Movement</Filter>
    </ClInclude>
    <ClInclude Include="Explosion.h">
      <Filter>Header Files</Filter>
    </ClInclude>
    <ClInclude Include="tinyxml2.h">
      <Filter>Header Files</Filter>
    </ClInclude>
    <ClInclude Include="StateMachine.h">
      <Filter>Header Files</Filter>
    </ClInclude>
    <ClInclude Include="Button.h">
      <Filter>Header Files</Filter>
    </ClInclude>
    <ClInclude Include="Powerup.h">
      <Filter>Header Files</Filter>
    </ClInclude>
    <ClInclude Include="Scene.h">
      <Filter>Header Files</Filter>
    </ClInclude>
    <ClInclude Include="Levels.h">
      <Filter>Header Files</Filter>
    </ClInclude>
    <ClInclude Include="Timer.h">
      <Filter>Header Files</Filter>
    </ClInclude>
    <ClInclude Include="Arrive.h">
      <Filter>Header Files\Enemy Movement</Filter>
    </ClInclude>
    <ClInclude Include="PathFollowing.h">
      <Filter>Header Files\Enemy Movement</Filter>
    </ClInclude>
    <ClInclude Include="Path.h">
      <Filter>Header Files\Enemy Movement</Filter>
    </ClInclude>
  </ItemGroup>
  <ItemGroup>
    <ClCompile Include="stdafx.cpp">
      <Filter>Source Files</Filter>
    </ClCompile>
    <ClCompile Include="GAME1005_Universa_Prototype.cpp">
      <Filter>Source Files</Filter>
    </ClCompile>
    <ClCompile Include="Game.cpp">
      <Filter>Source Files</Filter>
    </ClCompile>
    <ClCompile Include="Spaceship.cpp">
      <Filter>Source Files</Filter>
    </ClCompile>
    <ClCompile Include="Enemies.cpp">
      <Filter>Source Files</Filter>
    </ClCompile>
    <ClCompile Include="SteeringBehaviour.cpp">
      <Filter>Source Files\Enemy Movement</Filter>
    </ClCompile>
    <ClCompile Include="Vector2.cpp">
      <Filter>Source Files\Enemy Movement</Filter>
    </ClCompile>
    <ClCompile Include="MoveTarget.cpp">
      <Filter>Source Files\Enemy Movement</Filter>
    </ClCompile>
    <ClCompile Include="Transform.cpp">
      <Filter>Source Files\Enemy Movement</Filter>
    </ClCompile>
    <ClCompile Include="MoveBehaviour.cpp">
      <Filter>Source Files\Enemy Movement</Filter>
    </ClCompile>
    <ClCompile Include="tinyxml2.cpp">
      <Filter>Source Files</Filter>
    </ClCompile>
    <ClCompile Include="StateMachine.cpp">
      <Filter>Source Files</Filter>
    </ClCompile>
    <ClCompile Include="Button.cpp">
      <Filter>Source Files</Filter>
    </ClCompile>
    <ClCompile Include="Scene.cpp">
      <Filter>Source Files</Filter>
    </ClCompile>
    <ClCompile Include="Levels.cpp">
      <Filter>Source Files</Filter>
    </ClCompile>
    <ClCompile Include="Timer.cpp">
      <Filter>Source Files</Filter>
    </ClCompile>
    <ClCompile Include="Arrive.cpp">
      <Filter>Source Files\Enemy Movement</Filter>
    </ClCompile>
    <ClCompile Include="PathFollowing.cpp">
      <Filter>Source Files\Enemy Movement</Filter>
    </ClCompile>
  </ItemGroup>
  <ItemGroup>
    <Image Include="spaceship.png">
      <Filter>Resource Files</Filter>
    </Image>
    <Image Include="bg.png">
      <Filter>Resource Files</Filter>
    </Image>
    <Image Include="enemies_new.png">
      <Filter>Resource Files</Filter>
    </Image>
    <Image Include="galaxy2.png">
      <Filter>Resource Files</Filter>
    </Image>
    <Image Include="galaxy3.png">
      <Filter>Resource Files</Filter>
    </Image>
    <Image Include="galaxy4.png">
      <Filter>Resource Files</Filter>
    </Image>
    <Image Include="bullet.png">
      <Filter>Resource Files</Filter>
    </Image>
    <Image Include="playerTiles.png">
      <Filter>Resource Files</Filter>
    </Image>
    <Image Include="enemySprite.png">
      <Filter>Resource Files</Filter>
    </Image>
    <Image Include="enemy2Sprite.png">
      <Filter>Resource Files</Filter>
    </Image>
    <Image Include="explosion.png">
      <Filter>Resource Files</Filter>
    </Image>
  </ItemGroup>
  <ItemGroup>
    <Media Include="assets\audio\effects\bullet.wav">
      <Filter>Resource Files</Filter>
    </Media>
    <Media Include="assets\audio\effects\explosion.wav">
      <Filter>Resource Files</Filter>
    </Media>
    <Media Include="assets\audio\music\Hero_Immortal.mp3">
      <Filter>Resource Files</Filter>
    </Media>
    <Media Include="assets\audio\music\Imminent_Threat.mp3">
      <Filter>Resource Files</Filter>
    </Media>
    <Media Include="assets\audio\music\NexttoYou.mp3">
      <Filter>Resource Files</Filter>
    </Media>
  </ItemGroup>
  <ItemGroup>
    <Xml Include="scores.xml">
      <Filter>Resource Files</Filter>
    </Xml>
    <Xml Include="scores2.xml">
      <Filter>Resource Files</Filter>
    </Xml>
  </ItemGroup>
</Project>